
Microsoft Visual Studio Solution File, Format Version 12.00
# Visual Studio Version 16
VisualStudioVersion = 16.0.32106.194
MinimumVisualStudioVersion = 10.0.40219.1
Project("{FAE04EC0-301F-11D3-BF4B-00C04F79EFBC}") = "ComponentAttacherRecents", "ComponentAttacherRecents\ComponentAttacherRecents.csproj", "{12CDE493-3090-4DC3-8E84-4CDAB6BBFADE}"
EndProject
Global
	GlobalSection(SolutionConfigurationPlatforms) = preSolution
		Debug|Any CPU = Debug|Any CPU
		Release|Any CPU = Release|Any CPU
	EndGlobalSection
	GlobalSection(ProjectConfigurationPlatforms) = postSolution
		{12CDE493-3090-4DC3-8E84-4CDAB6BBFADE}.Debug|Any CPU.ActiveCfg = Debug|Any CPU
		{12CDE493-3090-4DC3-8E84-4CDAB6BBFADE}.Debug|Any CPU.Build.0 = Debug|Any CPU
		{12CDE493-3090-4DC3-8E84-4CDAB6BBFADE}.Release|Any CPU.ActiveCfg = Release|Any CPU
		{12CDE493-3090-4DC3-8E84-4CDAB6BBFADE}.Release|Any CPU.Build.0 = Release|Any CPU
	EndGlobalSection
	GlobalSection(SolutionProperties) = preSolution
		HideSolutionNode = FALSE
	EndGlobalSection
	GlobalSection(ExtensibilityGlobals) = postSolution
		SolutionGuid = {AA1C6100-3EED-4F67-8BDB-291DA957ADC9}
	EndGlobalSection
EndGlobal
